
Microsoft Visual Studio Solution File, Format Version 12.00
# Visual Studio Version 17
VisualStudioVersion = 17.3.32929.385
MinimumVisualStudioVersion = 10.0.40219.1
Project("{FAE04EC0-301F-11D3-BF4B-00C04F79EFBC}") = "FinalProjectOne", "FinalProjectOne.csproj", "{AD11F2A0-831D-4DC8-A6F4-066094D3D8C2}"
EndProject
Global
	GlobalSection(SolutionConfigurationPlatforms) = preSolution
		Debug|Any CPU = Debug|Any CPU
		Release|Any CPU = Release|Any CPU
	EndGlobalSection
	GlobalSection(ProjectConfigurationPlatforms) = postSolution
		{AD11F2A0-831D-4DC8-A6F4-066094D3D8C2}.Debug|Any CPU.ActiveCfg = Debug|Any CPU
		{AD11F2A0-831D-4DC8-A6F4-066094D3D8C2}.Debug|Any CPU.Build.0 = Debug|Any CPU
		{AD11F2A0-831D-4DC8-A6F4-066094D3D8C2}.Release|Any CPU.ActiveCfg = Release|Any CPU
		{AD11F2A0-831D-4DC8-A6F4-066094D3D8C2}.Release|Any CPU.Build.0 = Release|Any CPU
	EndGlobalSection
	GlobalSection(SolutionProperties) = preSolution
		HideSolutionNode = FALSE
	EndGlobalSection
	GlobalSection(ExtensibilityGlobals) = postSolution
		SolutionGuid = {BCE805AE-DD40-466F-989A-B1B88973F2AA}
	EndGlobalSection
EndGlobal
